
Microsoft Visual Studio Solution File, Format Version 12.00
# Blend for Visual Studio Version 16
VisualStudioVersion = 16.0.31321.278
MinimumVisualStudioVersion = 10.0.40219.1
Project("{9A19103F-16F7-4668-BE54-9A1E7A4F7556}") = "RFP", "RFP.csproj", "{BBDA5CB0-0F6E-493C-BF5A-D6DF2D58F4B8}"
EndProject
Global
	GlobalSection(SolutionConfigurationPlatforms) = preSolution
		Debug|Any CPU = Debug|Any CPU
		Release|Any CPU = Release|Any CPU
	EndGlobalSection
	GlobalSection(ProjectConfigurationPlatforms) = postSolution
		{BBDA5CB0-0F6E-493C-BF5A-D6DF2D58F4B8}.Debug|Any CPU.ActiveCfg = Debug|Any CPU
		{BBDA5CB0-0F6E-493C-BF5A-D6DF2D58F4B8}.Debug|Any CPU.Build.0 = Debug|Any CPU
		{BBDA5CB0-0F6E-493C-BF5A-D6DF2D58F4B8}.Release|Any CPU.ActiveCfg = Release|Any CPU
		{BBDA5CB0-0F6E-493C-BF5A-D6DF2D58F4B8}.Release|Any CPU.Build.0 = Release|Any CPU
	EndGlobalSection
	GlobalSection(SolutionProperties) = preSolution
		HideSolutionNode = FALSE
	EndGlobalSection
	GlobalSection(ExtensibilityGlobals) = postSolution
		SolutionGuid = {5502F1BE-A4C0-48CA-A086-1224A0DE03A0}
	EndGlobalSection
EndGlobal
